# This file is autogenerated, do not edit; changes may be undone by the next 'dep ensure'.


[[projects]]
  branch = "master"
  name = "github.com/BurntSushi/graphics-go"
  packages = [
    "graphics",
    "graphics/convolve",
    "graphics/interp"
  ]
  revision = "b43f31a4a96688fba0b612e25e22648b9267e498"

[[projects]]
  name = "github.com/aws/aws-sdk-go"
  packages = [
    "aws",
    "aws/awserr",
    "aws/awsutil",
    "aws/client",
    "aws/client/metadata",
    "aws/corehandlers",
    "aws/credentials",
    "aws/credentials/ec2rolecreds",
    "aws/credentials/endpointcreds",
    "aws/credentials/stscreds",
    "aws/defaults",
    "aws/ec2metadata",
    "aws/endpoints",
    "aws/request",
    "aws/session",
    "aws/signer/v4",
    "private/protocol",
    "private/protocol/query",
    "private/protocol/query/queryutil",
    "private/protocol/rest",
    "private/protocol/restxml",
    "private/protocol/xml/xmlutil",
    "service/s3",
    "service/s3/s3iface",
    "service/s3/s3manager",
    "service/sts"
  ]
  revision = "de61b9d1e0c7e455b050e4307eba09410c412ef0"

[[projects]]
  name = "github.com/go-ini/ini"
  packages = ["."]
  revision = "1730955e3146956d6a087861380f9b4667ed5071"
  version = "v1.26.0"

[[projects]]
  branch = "master"
  name = "github.com/ieee0824/libcmyk"
  packages = [
    ".",
    "nn"
  ]
  revision = "8cf9151a408c9d08a780a04942bc2baf72777242"

[[projects]]
  name = "github.com/jmespath/go-jmespath"
  packages = ["."]
  revision = "bd40a432e4c76585ef6b72d3fd96fb9b6dc7b68d"

[[projects]]
  branch = "master"
  name = "github.com/mymch/formatter"
  packages = ["."]
  revision = "f3cbb7fa1c8e54f4c5d9560b7dc451626b22a879"

[[projects]]
  branch = "master"
  name = "github.com/nfnt/resize"
  packages = ["."]
  revision = "891127d8d1b52734debe1b3c3d7e747502b6c366"

[[projects]]
  name = "github.com/rwcarlsen/goexif"
  packages = [
    "exif",
    "tiff"
  ]
  revision = "709fab3d192d7c62f86043caff1e7e3fb0f42bd8"

[[projects]]
  name = "github.com/sirupsen/logrus"
  packages = ["."]
  revision = "10f801ebc38b33738c9d17d50860f484a0988ff5"

[[projects]]
  name = "golang.org/x/image"
  packages = ["bmp"]
  revision = "c0851fbc5b9272dd7d08a021e9e3d2a21027b51f"

[[projects]]
  name = "golang.org/x/sys"
  packages = ["unix"]
  revision = "afadfcc7779c1f4db0f6f6438afcb108d9c9c7cd"

[[projects]]
  name = "golang.org/x/text"
  packages = [
    "internal/gen",
    "internal/triegen",
    "internal/ucd",
    "transform",
    "unicode/cldr",
    "unicode/norm"
  ]
  revision = "fc7fa097411d30e6708badff276c4c164425590c"

[solve-meta]
  analyzer-name = "dep"
  analyzer-version = 1
  inputs-digest = "0052987a3a49810979f919e8f0c7d37c4154510fe167d2b5fbb3db2d9c6af4ec"
  solver-name = "gps-cdcl"
  solver-version = 1
